<Solution>
<<<<<<< Updated upstream
  <Project Path="CSharpCours/CSharpCours.csproj" />
=======
  <Project Path="B_ControlFlow/B_ControlFlow.csproj" Id="1b1e3c6f-8a5f-4e91-a7af-1462783a8dd8" />
  <Project Path="CSharpCours/A_CSharpCours.csproj" />
  <Project Path="C_ArraysCollections/C_ArraysCollections.csproj" Id="91df89e8-61d9-40b7-9f23-f059f8ca0f65" />
>>>>>>> Stashed changes
</Solution>
